
Microsoft Visual Studio Solution File, Format Version 11.00
# Visual Studio 2010
Project("{FAE04EC0-301F-11D3-BF4B-00C04F79EFBC}") = "SecureDatabase", "WebApplication4\SecureDatabase.csproj", "{5BBCD335-813D-4D03-B1CB-0AA10E1391DA}"
EndProject
Project("{2150E333-8FDC-42A3-9474-1A3956D46DE8}") = "NewFolder1", "NewFolder1", "{36057CD4-5B8F-4844-85B1-8E575974BE22}"
EndProject
Global
	GlobalSection(SolutionConfigurationPlatforms) = preSolution
		Debug|Any CPU = Debug|Any CPU
		Release|Any CPU = Release|Any CPU
	EndGlobalSection
	GlobalSection(ProjectConfigurationPlatforms) = postSolution
		{5BBCD335-813D-4D03-B1CB-0AA10E1391DA}.Debug|Any CPU.ActiveCfg = Debug|Any CPU
		{5BBCD335-813D-4D03-B1CB-0AA10E1391DA}.Debug|Any CPU.Build.0 = Debug|Any CPU
		{5BBCD335-813D-4D03-B1CB-0AA10E1391DA}.Release|Any CPU.ActiveCfg = Release|Any CPU
		{5BBCD335-813D-4D03-B1CB-0AA10E1391DA}.Release|Any CPU.Build.0 = Release|Any CPU
	EndGlobalSection
	GlobalSection(SolutionProperties) = preSolution
		HideSolutionNode = FALSE
	EndGlobalSection
EndGlobal
